
Microsoft Visual Studio Solution File, Format Version 12.00
# Visual Studio Version 17
VisualStudioVersion = 17.0.31903.59
MinimumVisualStudioVersion = 10.0.40219.1
Project("{2150E333-8FDC-42A3-9474-1A3956D46DE8}") = "src", "src", "{827E0CD3-B72D-47B6-A68D-7590B98EB39B}"
EndProject
Project("{FAE04EC0-301F-11D3-BF4B-00C04F79EFBC}") = "KeepLock.Domain", "src\KeepLock.Domain\KeepLock.Domain.csproj", "{AB9EEE90-4516-45D3-A68A-B489024D2271}"
EndProject
Project("{FAE04EC0-301F-11D3-BF4B-00C04F79EFBC}") = "KeepLock.Application", "src\KeepLock.Application\KeepLock.Application.csproj", "{8C38DF1F-5B3F-4EA5-AFB4-C65CCE3122B3}"
EndProject
Project("{FAE04EC0-301F-11D3-BF4B-00C04F79EFBC}") = "KeepLock.Infrastructure", "src\KeepLock.Infrastructure\KeepLock.Infrastructure.csproj", "{73199648-A013-47F8-B220-65010D2AF163}"
EndProject
Project("{FAE04EC0-301F-11D3-BF4B-00C04F79EFBC}") = "KeepLock.API", "src\KeepLock.API\KeepLock.API.csproj", "{0F4B1F1C-B00B-45A9-B06A-D38A55EAA80A}"
EndProject
Global
	GlobalSection(SolutionConfigurationPlatforms) = preSolution
		Debug|Any CPU = Debug|Any CPU
		Debug|x64 = Debug|x64
		Debug|x86 = Debug|x86
		Release|Any CPU = Release|Any CPU
		Release|x64 = Release|x64
		Release|x86 = Release|x86
	EndGlobalSection
	GlobalSection(ProjectConfigurationPlatforms) = postSolution
		{AB9EEE90-4516-45D3-A68A-B489024D2271}.Debug|Any CPU.ActiveCfg = Debug|Any CPU
		{AB9EEE90-4516-45D3-A68A-B489024D2271}.Debug|Any CPU.Build.0 = Debug|Any CPU
		{AB9EEE90-4516-45D3-A68A-B489024D2271}.Debug|x64.ActiveCfg = Debug|Any CPU
		{AB9EEE90-4516-45D3-A68A-B489024D2271}.Debug|x64.Build.0 = Debug|Any CPU
		{AB9EEE90-4516-45D3-A68A-B489024D2271}.Debug|x86.ActiveCfg = Debug|Any CPU
		{AB9EEE90-4516-45D3-A68A-B489024D2271}.Debug|x86.Build.0 = Debug|Any CPU
		{AB9EEE90-4516-45D3-A68A-B489024D2271}.Release|Any CPU.ActiveCfg = Release|Any CPU
		{AB9EEE90-4516-45D3-A68A-B489024D2271}.Release|Any CPU.Build.0 = Release|Any CPU
		{AB9EEE90-4516-45D3-A68A-B489024D2271}.Release|x64.ActiveCfg = Release|Any CPU
		{AB9EEE90-4516-45D3-A68A-B489024D2271}.Release|x64.Build.0 = Release|Any CPU
		{AB9EEE90-4516-45D3-A68A-B489024D2271}.Release|x86.ActiveCfg = Release|Any CPU
		{AB9EEE90-4516-45D3-A68A-B489024D2271}.Release|x86.Build.0 = Release|Any CPU
		{8C38DF1F-5B3F-4EA5-AFB4-C65CCE3122B3}.Debug|Any CPU.ActiveCfg = Debug|Any CPU
		{8C38DF1F-5B3F-4EA5-AFB4-C65CCE3122B3}.Debug|Any CPU.Build.0 = Debug|Any CPU
		{8C38DF1F-5B3F-4EA5-AFB4-C65CCE3122B3}.Debug|x64.ActiveCfg = Debug|Any CPU
		{8C38DF1F-5B3F-4EA5-AFB4-C65CCE3122B3}.Debug|x64.Build.0 = Debug|Any CPU
		{8C38DF1F-5B3F-4EA5-AFB4-C65CCE3122B3}.Debug|x86.ActiveCfg = Debug|Any CPU
		{8C38DF1F-5B3F-4EA5-AFB4-C65CCE3122B3}.Debug|x86.Build.0 = Debug|Any CPU
		{8C38DF1F-5B3F-4EA5-AFB4-C65CCE3122B3}.Release|Any CPU.ActiveCfg = Release|Any CPU
		{8C38DF1F-5B3F-4EA5-AFB4-C65CCE3122B3}.Release|Any CPU.Build.0 = Release|Any CPU
		{8C38DF1F-5B3F-4EA5-AFB4-C65CCE3122B3}.Release|x64.ActiveCfg = Release|Any CPU
		{8C38DF1F-5B3F-4EA5-AFB4-C65CCE3122B3}.Release|x64.Build.0 = Release|Any CPU
		{8C38DF1F-5B3F-4EA5-AFB4-C65CCE3122B3}.Release|x86.ActiveCfg = Release|Any CPU
		{8C38DF1F-5B3F-4EA5-AFB4-C65CCE3122B3}.Release|x86.Build.0 = Release|Any CPU
		{73199648-A013-47F8-B220-65010D2AF163}.Debug|Any CPU.ActiveCfg = Debug|Any CPU
		{73199648-A013-47F8-B220-65010D2AF163}.Debug|Any CPU.Build.0 = Debug|Any CPU
		{73199648-A013-47F8-B220-65010D2AF163}.Debug|x64.ActiveCfg = Debug|Any CPU
		{73199648-A013-47F8-B220-65010D2AF163}.Debug|x64.Build.0 = Debug|Any CPU
		{73199648-A013-47F8-B220-65010D2AF163}.Debug|x86.ActiveCfg = Debug|Any CPU
		{73199648-A013-47F8-B220-65010D2AF163}.Debug|x86.Build.0 = Debug|Any CPU
		{73199648-A013-47F8-B220-65010D2AF163}.Release|Any CPU.ActiveCfg = Release|Any CPU
		{73199648-A013-47F8-B220-65010D2AF163}.Release|Any CPU.Build.0 = Release|Any CPU
		{73199648-A013-47F8-B220-65010D2AF163}.Release|x64.ActiveCfg = Release|Any CPU
		{73199648-A013-47F8-B220-65010D2AF163}.Release|x64.Build.0 = Release|Any CPU
		{73199648-A013-47F8-B220-65010D2AF163}.Release|x86.ActiveCfg = Release|Any CPU
		{73199648-A013-47F8-B220-65010D2AF163}.Release|x86.Build.0 = Release|Any CPU
		{0F4B1F1C-B00B-45A9-B06A-D38A55EAA80A}.Debug|Any CPU.ActiveCfg = Debug|Any CPU
		{0F4B1F1C-B00B-45A9-B06A-D38A55EAA80A}.Debug|Any CPU.Build.0 = Debug|Any CPU
		{0F4B1F1C-B00B-45A9-B06A-D38A55EAA80A}.Debug|x64.ActiveCfg = Debug|Any CPU
		{0F4B1F1C-B00B-45A9-B06A-D38A55EAA80A}.Debug|x64.Build.0 = Debug|Any CPU
		{0F4B1F1C-B00B-45A9-B06A-D38A55EAA80A}.Debug|x86.ActiveCfg = Debug|Any CPU
		{0F4B1F1C-B00B-45A9-B06A-D38A55EAA80A}.Debug|x86.Build.0 = Debug|Any CPU
		{0F4B1F1C-B00B-45A9-B06A-D38A55EAA80A}.Release|Any CPU.ActiveCfg = Release|Any CPU
		{0F4B1F1C-B00B-45A9-B06A-D38A55EAA80A}.Release|Any CPU.Build.0 = Release|Any CPU
		{0F4B1F1C-B00B-45A9-B06A-D38A55EAA80A}.Release|x64.ActiveCfg = Release|Any CPU
		{0F4B1F1C-B00B-45A9-B06A-D38A55EAA80A}.Release|x64.Build.0 = Release|Any CPU
		{0F4B1F1C-B00B-45A9-B06A-D38A55EAA80A}.Release|x86.ActiveCfg = Release|Any CPU
		{0F4B1F1C-B00B-45A9-B06A-D38A55EAA80A}.Release|x86.Build.0 = Release|Any CPU
	EndGlobalSection
	GlobalSection(SolutionProperties) = preSolution
		HideSolutionNode = FALSE
	EndGlobalSection
	GlobalSection(NestedProjects) = preSolution
		{AB9EEE90-4516-45D3-A68A-B489024D2271} = {827E0CD3-B72D-47B6-A68D-7590B98EB39B}
		{8C38DF1F-5B3F-4EA5-AFB4-C65CCE3122B3} = {827E0CD3-B72D-47B6-A68D-7590B98EB39B}
		{73199648-A013-47F8-B220-65010D2AF163} = {827E0CD3-B72D-47B6-A68D-7590B98EB39B}
		{0F4B1F1C-B00B-45A9-B06A-D38A55EAA80A} = {827E0CD3-B72D-47B6-A68D-7590B98EB39B}
	EndGlobalSection
EndGlobal
